schema_version: 1
mode: checkout
networkclaw:
  repository: https://github.com/stttt2003pk/NetworkClawV1.git
  ref: refs/heads/main
  commit: "90bd6c0d07eca6426c9ca62f8043dffa3f9d95d4"
  tree_sha256: "6c08379dac2db631516445e86d743c96b1708eef157bae342100d55e2bd37384"
harness:
  repository: https://github.com/stttt2003pk/networkclaw-harness.git
  ref: refs/heads/main
  commit: "5b3284a2a75db3d036e83fabf1d76955d419c395"
  tree_sha256: "f5299ea55a65201eeda0e937097c50ec1d19c9dbac4c39e35fab7a9976aea08c"
integration:
  repository: https://github.com/stttt2003pk/networkclaw-integration.git
  ref: refs/heads/main
  commit: "6e8e69a15f964a2332e1ef7da9553c6766c78db1"
  tree_sha256: "da2f029dac8402d023baadfb9e1d6efa8f06eaf5543c8343ac658cf459d53859"
protocol:
  version: "1.0"
target:
  os: ubuntu
  version: "22.04"
  architecture: amd64
